
Microsoft Visual Studio Solution File, Format Version 12.00
# Visual Studio Version 17
VisualStudioVersion = 17.8.34330.188
MinimumVisualStudioVersion = 10.0.40219.1
Project("{FAE04EC0-301F-11D3-BF4B-00C04F79EFBC}") = "BlazorServerSide", "BlazorServerSide\BlazorServerSide.csproj", "{96E70D76-DD1B-4D9E-BB24-44201B42B09A}"
EndProject
Global
	GlobalSection(SolutionConfigurationPlatforms) = preSolution
		Debug|Any CPU = Debug|Any CPU
		Release|Any CPU = Release|Any CPU
	EndGlobalSection
	GlobalSection(ProjectConfigurationPlatforms) = postSolution
		{96E70D76-DD1B-4D9E-BB24-44201B42B09A}.Debug|Any CPU.ActiveCfg = Debug|Any CPU
		{96E70D76-DD1B-4D9E-BB24-44201B42B09A}.Debug|Any CPU.Build.0 = Debug|Any CPU
		{96E70D76-DD1B-4D9E-BB24-44201B42B09A}.Release|Any CPU.ActiveCfg = Release|Any CPU
		{96E70D76-DD1B-4D9E-BB24-44201B42B09A}.Release|Any CPU.Build.0 = Release|Any CPU
	EndGlobalSection
	GlobalSection(SolutionProperties) = preSolution
		HideSolutionNode = FALSE
	EndGlobalSection
	GlobalSection(ExtensibilityGlobals) = postSolution
		SolutionGuid = {65021015-EFCD-4B1E-A236-C2FEFC7F0F46}
	EndGlobalSection
EndGlobal
